
Microsoft Visual Studio Solution File, Format Version 12.00
# Visual Studio Version 16
VisualStudioVersion = 16.0.31702.278
MinimumVisualStudioVersion = 10.0.40219.1
Project("{9A19103F-16F7-4668-BE54-9A1E7A4F7556}") = "Task2", "Task2\Task2.csproj", "{ED8CB3F2-CB33-4FE9-BB58-739011CED698}"
EndProject
Project("{9A19103F-16F7-4668-BE54-9A1E7A4F7556}") = "Task3", "Task3\Task3.csproj", "{92B2E345-CDE9-4E86-B1ED-946F02B468D4}"
EndProject
Project("{FAE04EC0-301F-11D3-BF4B-00C04F79EFBC}") = "AdditionalTask", "AdditionalTask\AdditionalTask.csproj", "{EE89F04B-AD5D-4C24-9838-55000AF8403A}"
EndProject
Global
	GlobalSection(SolutionConfigurationPlatforms) = preSolution
		Debug|Any CPU = Debug|Any CPU
		Release|Any CPU = Release|Any CPU
	EndGlobalSection
	GlobalSection(ProjectConfigurationPlatforms) = postSolution
		{ED8CB3F2-CB33-4FE9-BB58-739011CED698}.Debug|Any CPU.ActiveCfg = Debug|Any CPU
		{ED8CB3F2-CB33-4FE9-BB58-739011CED698}.Debug|Any CPU.Build.0 = Debug|Any CPU
		{ED8CB3F2-CB33-4FE9-BB58-739011CED698}.Release|Any CPU.ActiveCfg = Release|Any CPU
		{ED8CB3F2-CB33-4FE9-BB58-739011CED698}.Release|Any CPU.Build.0 = Release|Any CPU
		{92B2E345-CDE9-4E86-B1ED-946F02B468D4}.Debug|Any CPU.ActiveCfg = Debug|Any CPU
		{92B2E345-CDE9-4E86-B1ED-946F02B468D4}.Debug|Any CPU.Build.0 = Debug|Any CPU
		{92B2E345-CDE9-4E86-B1ED-946F02B468D4}.Release|Any CPU.ActiveCfg = Release|Any CPU
		{92B2E345-CDE9-4E86-B1ED-946F02B468D4}.Release|Any CPU.Build.0 = Release|Any CPU
		{EE89F04B-AD5D-4C24-9838-55000AF8403A}.Debug|Any CPU.ActiveCfg = Debug|Any CPU
		{EE89F04B-AD5D-4C24-9838-55000AF8403A}.Debug|Any CPU.Build.0 = Debug|Any CPU
		{EE89F04B-AD5D-4C24-9838-55000AF8403A}.Release|Any CPU.ActiveCfg = Release|Any CPU
		{EE89F04B-AD5D-4C24-9838-55000AF8403A}.Release|Any CPU.Build.0 = Release|Any CPU
	EndGlobalSection
	GlobalSection(SolutionProperties) = preSolution
		HideSolutionNode = FALSE
	EndGlobalSection
	GlobalSection(ExtensibilityGlobals) = postSolution
		SolutionGuid = {CC061D11-C8FC-4236-8084-02F149F4B486}
	EndGlobalSection
EndGlobal
