
Microsoft Visual Studio Solution File, Format Version 12.00
# Visual Studio Version 16
VisualStudioVersion = 16.0.31702.278
MinimumVisualStudioVersion = 10.0.40219.1
Project("{9A19103F-16F7-4668-BE54-9A1E7A4F7556}") = "AdditionalTask", "AdditionalTask\AdditionalTask.csproj", "{3AA39CBC-0817-4AF1-B5B5-C8B1B64A0DDA}"
EndProject
Project("{9A19103F-16F7-4668-BE54-9A1E7A4F7556}") = "Task4", "Task4\Task4.csproj", "{FA701DE4-D6D1-4340-BF36-17202307E6C3}"
EndProject
Project("{9A19103F-16F7-4668-BE54-9A1E7A4F7556}") = "Task2", "Task2\Task2.csproj", "{2CC194B0-7741-4C44-9F2E-404C2ABF3E41}"
EndProject
Project("{FAE04EC0-301F-11D3-BF4B-00C04F79EFBC}") = "Task3", "Task3\Task3.csproj", "{88958125-D70F-469E-8C6E-1A600D9EA6F5}"
EndProject
Global
	GlobalSection(SolutionConfigurationPlatforms) = preSolution
		Debug|Any CPU = Debug|Any CPU
		Release|Any CPU = Release|Any CPU
	EndGlobalSection
	GlobalSection(ProjectConfigurationPlatforms) = postSolution
		{3AA39CBC-0817-4AF1-B5B5-C8B1B64A0DDA}.Debug|Any CPU.ActiveCfg = Debug|Any CPU
		{3AA39CBC-0817-4AF1-B5B5-C8B1B64A0DDA}.Debug|Any CPU.Build.0 = Debug|Any CPU
		{3AA39CBC-0817-4AF1-B5B5-C8B1B64A0DDA}.Release|Any CPU.ActiveCfg = Release|Any CPU
		{3AA39CBC-0817-4AF1-B5B5-C8B1B64A0DDA}.Release|Any CPU.Build.0 = Release|Any CPU
		{FA701DE4-D6D1-4340-BF36-17202307E6C3}.Debug|Any CPU.ActiveCfg = Debug|Any CPU
		{FA701DE4-D6D1-4340-BF36-17202307E6C3}.Debug|Any CPU.Build.0 = Debug|Any CPU
		{FA701DE4-D6D1-4340-BF36-17202307E6C3}.Release|Any CPU.ActiveCfg = Release|Any CPU
		{FA701DE4-D6D1-4340-BF36-17202307E6C3}.Release|Any CPU.Build.0 = Release|Any CPU
		{2CC194B0-7741-4C44-9F2E-404C2ABF3E41}.Debug|Any CPU.ActiveCfg = Debug|Any CPU
		{2CC194B0-7741-4C44-9F2E-404C2ABF3E41}.Debug|Any CPU.Build.0 = Debug|Any CPU
		{2CC194B0-7741-4C44-9F2E-404C2ABF3E41}.Release|Any CPU.ActiveCfg = Release|Any CPU
		{2CC194B0-7741-4C44-9F2E-404C2ABF3E41}.Release|Any CPU.Build.0 = Release|Any CPU
		{88958125-D70F-469E-8C6E-1A600D9EA6F5}.Debug|Any CPU.ActiveCfg = Debug|Any CPU
		{88958125-D70F-469E-8C6E-1A600D9EA6F5}.Debug|Any CPU.Build.0 = Debug|Any CPU
		{88958125-D70F-469E-8C6E-1A600D9EA6F5}.Release|Any CPU.ActiveCfg = Release|Any CPU
		{88958125-D70F-469E-8C6E-1A600D9EA6F5}.Release|Any CPU.Build.0 = Release|Any CPU
	EndGlobalSection
	GlobalSection(SolutionProperties) = preSolution
		HideSolutionNode = FALSE
	EndGlobalSection
	GlobalSection(ExtensibilityGlobals) = postSolution
		SolutionGuid = {3F8D31BA-3313-4645-BD56-18773C7FA82F}
	EndGlobalSection
EndGlobal
