
Microsoft Visual Studio Solution File, Format Version 12.00
# Visual Studio Version 16
VisualStudioVersion = 16.0.31702.278
MinimumVisualStudioVersion = 10.0.40219.1
Project("{9A19103F-16F7-4668-BE54-9A1E7A4F7556}") = "AdditionalTask", "..\..\..\Downloads\Telegram Desktop\C# Essential\001_Classes\001_Classes\012_Document\AdditionalTask.csproj", "{6A6A3AE8-D690-425F-B86C-088DD89F973B}"
EndProject
Project("{9A19103F-16F7-4668-BE54-9A1E7A4F7556}") = "Task2", "Task2\Task2.csproj", "{5F249936-8BDF-4854-A69A-B61E0AB586EC}"
EndProject
Project("{FAE04EC0-301F-11D3-BF4B-00C04F79EFBC}") = "Task3", "Task3\Task3.csproj", "{AB3BDA44-C8D6-460D-92B3-E9310866DE3E}"
EndProject
Global
	GlobalSection(SolutionConfigurationPlatforms) = preSolution
		Debug|Any CPU = Debug|Any CPU
		Release|Any CPU = Release|Any CPU
	EndGlobalSection
	GlobalSection(ProjectConfigurationPlatforms) = postSolution
		{6A6A3AE8-D690-425F-B86C-088DD89F973B}.Debug|Any CPU.ActiveCfg = Debug|Any CPU
		{6A6A3AE8-D690-425F-B86C-088DD89F973B}.Debug|Any CPU.Build.0 = Debug|Any CPU
		{6A6A3AE8-D690-425F-B86C-088DD89F973B}.Release|Any CPU.ActiveCfg = Release|Any CPU
		{6A6A3AE8-D690-425F-B86C-088DD89F973B}.Release|Any CPU.Build.0 = Release|Any CPU
		{5F249936-8BDF-4854-A69A-B61E0AB586EC}.Debug|Any CPU.ActiveCfg = Debug|Any CPU
		{5F249936-8BDF-4854-A69A-B61E0AB586EC}.Debug|Any CPU.Build.0 = Debug|Any CPU
		{5F249936-8BDF-4854-A69A-B61E0AB586EC}.Release|Any CPU.ActiveCfg = Release|Any CPU
		{5F249936-8BDF-4854-A69A-B61E0AB586EC}.Release|Any CPU.Build.0 = Release|Any CPU
		{AB3BDA44-C8D6-460D-92B3-E9310866DE3E}.Debug|Any CPU.ActiveCfg = Debug|Any CPU
		{AB3BDA44-C8D6-460D-92B3-E9310866DE3E}.Debug|Any CPU.Build.0 = Debug|Any CPU
		{AB3BDA44-C8D6-460D-92B3-E9310866DE3E}.Release|Any CPU.ActiveCfg = Release|Any CPU
		{AB3BDA44-C8D6-460D-92B3-E9310866DE3E}.Release|Any CPU.Build.0 = Release|Any CPU
	EndGlobalSection
	GlobalSection(SolutionProperties) = preSolution
		HideSolutionNode = FALSE
	EndGlobalSection
	GlobalSection(ExtensibilityGlobals) = postSolution
		SolutionGuid = {FEA69E4E-3270-42C2-BE4B-2BF311DEF97E}
	EndGlobalSection
EndGlobal
