
Microsoft Visual Studio Solution File, Format Version 12.00
# Visual Studio Version 16
VisualStudioVersion = 16.0.31702.278
MinimumVisualStudioVersion = 10.0.40219.1
Project("{9A19103F-16F7-4668-BE54-9A1E7A4F7556}") = "AdditionalTask", "AdditionalTask\AdditionalTask.csproj", "{FEE13D9C-B7A1-4FD7-B0F7-10A46016BE5D}"
EndProject
Project("{9A19103F-16F7-4668-BE54-9A1E7A4F7556}") = "Task2", "Task2\Task2.csproj", "{3CA1C19E-7EFC-440B-934C-79D46CB77F4B}"
EndProject
Project("{FAE04EC0-301F-11D3-BF4B-00C04F79EFBC}") = "Task3", "Task3\Task3.csproj", "{BA382F20-3DD9-48BB-8E54-BD49A5F3E6DD}"
EndProject
Global
	GlobalSection(SolutionConfigurationPlatforms) = preSolution
		Debug|Any CPU = Debug|Any CPU
		Release|Any CPU = Release|Any CPU
	EndGlobalSection
	GlobalSection(ProjectConfigurationPlatforms) = postSolution
		{FEE13D9C-B7A1-4FD7-B0F7-10A46016BE5D}.Debug|Any CPU.ActiveCfg = Debug|Any CPU
		{FEE13D9C-B7A1-4FD7-B0F7-10A46016BE5D}.Debug|Any CPU.Build.0 = Debug|Any CPU
		{FEE13D9C-B7A1-4FD7-B0F7-10A46016BE5D}.Release|Any CPU.ActiveCfg = Release|Any CPU
		{FEE13D9C-B7A1-4FD7-B0F7-10A46016BE5D}.Release|Any CPU.Build.0 = Release|Any CPU
		{3CA1C19E-7EFC-440B-934C-79D46CB77F4B}.Debug|Any CPU.ActiveCfg = Debug|Any CPU
		{3CA1C19E-7EFC-440B-934C-79D46CB77F4B}.Debug|Any CPU.Build.0 = Debug|Any CPU
		{3CA1C19E-7EFC-440B-934C-79D46CB77F4B}.Release|Any CPU.ActiveCfg = Release|Any CPU
		{3CA1C19E-7EFC-440B-934C-79D46CB77F4B}.Release|Any CPU.Build.0 = Release|Any CPU
		{BA382F20-3DD9-48BB-8E54-BD49A5F3E6DD}.Debug|Any CPU.ActiveCfg = Debug|Any CPU
		{BA382F20-3DD9-48BB-8E54-BD49A5F3E6DD}.Debug|Any CPU.Build.0 = Debug|Any CPU
		{BA382F20-3DD9-48BB-8E54-BD49A5F3E6DD}.Release|Any CPU.ActiveCfg = Release|Any CPU
		{BA382F20-3DD9-48BB-8E54-BD49A5F3E6DD}.Release|Any CPU.Build.0 = Release|Any CPU
	EndGlobalSection
	GlobalSection(SolutionProperties) = preSolution
		HideSolutionNode = FALSE
	EndGlobalSection
	GlobalSection(ExtensibilityGlobals) = postSolution
		SolutionGuid = {225109C6-DC73-43A5-A0B1-28CA2E181D0A}
	EndGlobalSection
EndGlobal
