
Microsoft Visual Studio Solution File, Format Version 12.00
# Visual Studio Version 16
VisualStudioVersion = 16.0.31702.278
MinimumVisualStudioVersion = 10.0.40219.1
Project("{9A19103F-16F7-4668-BE54-9A1E7A4F7556}") = "AdditionalTask", "AdditionalTask\AdditionalTask.csproj", "{BD33F9C3-8915-4913-950D-803D2BFAE0BE}"
EndProject
Project("{9A19103F-16F7-4668-BE54-9A1E7A4F7556}") = "AdditionalTaskTestApp", "AdditionalTaskTestApp\AdditionalTaskTestApp.csproj", "{A77A589E-C084-49FD-A6C8-D83612BD3F67}"
EndProject
Project("{9A19103F-16F7-4668-BE54-9A1E7A4F7556}") = "Task1", "Task1\Task1.csproj", "{CFEF4643-EB7E-4A1A-98F8-AC6891656659}"
EndProject
Project("{FAE04EC0-301F-11D3-BF4B-00C04F79EFBC}") = "Task2Base", "Task2Base\Task2Base.csproj", "{92ADE469-E32A-413A-B928-2A443BF516C3}"
EndProject
Project("{FAE04EC0-301F-11D3-BF4B-00C04F79EFBC}") = "Task2Derived", "Task2Derived\Task2Derived.csproj", "{691E2FCF-B17D-4194-A03C-8E100E029414}"
EndProject
Global
	GlobalSection(SolutionConfigurationPlatforms) = preSolution
		Debug|Any CPU = Debug|Any CPU
		Release|Any CPU = Release|Any CPU
	EndGlobalSection
	GlobalSection(ProjectConfigurationPlatforms) = postSolution
		{BD33F9C3-8915-4913-950D-803D2BFAE0BE}.Debug|Any CPU.ActiveCfg = Debug|Any CPU
		{BD33F9C3-8915-4913-950D-803D2BFAE0BE}.Debug|Any CPU.Build.0 = Debug|Any CPU
		{BD33F9C3-8915-4913-950D-803D2BFAE0BE}.Release|Any CPU.ActiveCfg = Release|Any CPU
		{BD33F9C3-8915-4913-950D-803D2BFAE0BE}.Release|Any CPU.Build.0 = Release|Any CPU
		{A77A589E-C084-49FD-A6C8-D83612BD3F67}.Debug|Any CPU.ActiveCfg = Debug|Any CPU
		{A77A589E-C084-49FD-A6C8-D83612BD3F67}.Debug|Any CPU.Build.0 = Debug|Any CPU
		{A77A589E-C084-49FD-A6C8-D83612BD3F67}.Release|Any CPU.ActiveCfg = Release|Any CPU
		{A77A589E-C084-49FD-A6C8-D83612BD3F67}.Release|Any CPU.Build.0 = Release|Any CPU
		{CFEF4643-EB7E-4A1A-98F8-AC6891656659}.Debug|Any CPU.ActiveCfg = Debug|Any CPU
		{CFEF4643-EB7E-4A1A-98F8-AC6891656659}.Debug|Any CPU.Build.0 = Debug|Any CPU
		{CFEF4643-EB7E-4A1A-98F8-AC6891656659}.Release|Any CPU.ActiveCfg = Release|Any CPU
		{CFEF4643-EB7E-4A1A-98F8-AC6891656659}.Release|Any CPU.Build.0 = Release|Any CPU
		{92ADE469-E32A-413A-B928-2A443BF516C3}.Debug|Any CPU.ActiveCfg = Debug|Any CPU
		{92ADE469-E32A-413A-B928-2A443BF516C3}.Debug|Any CPU.Build.0 = Debug|Any CPU
		{92ADE469-E32A-413A-B928-2A443BF516C3}.Release|Any CPU.ActiveCfg = Release|Any CPU
		{92ADE469-E32A-413A-B928-2A443BF516C3}.Release|Any CPU.Build.0 = Release|Any CPU
		{691E2FCF-B17D-4194-A03C-8E100E029414}.Debug|Any CPU.ActiveCfg = Debug|Any CPU
		{691E2FCF-B17D-4194-A03C-8E100E029414}.Debug|Any CPU.Build.0 = Debug|Any CPU
		{691E2FCF-B17D-4194-A03C-8E100E029414}.Release|Any CPU.ActiveCfg = Release|Any CPU
		{691E2FCF-B17D-4194-A03C-8E100E029414}.Release|Any CPU.Build.0 = Release|Any CPU
	EndGlobalSection
	GlobalSection(SolutionProperties) = preSolution
		HideSolutionNode = FALSE
	EndGlobalSection
	GlobalSection(ExtensibilityGlobals) = postSolution
		SolutionGuid = {94206590-2C12-4AD5-BEA8-FF12E7980E3B}
	EndGlobalSection
EndGlobal
