
Microsoft Visual Studio Solution File, Format Version 12.00
# Visual Studio Version 16
VisualStudioVersion = 16.0.31702.278
MinimumVisualStudioVersion = 10.0.40219.1
Project("{9A19103F-16F7-4668-BE54-9A1E7A4F7556}") = "AdditionalTask", "AdditionalTask\AdditionalTask.csproj", "{2AD22013-0778-4223-B5E3-258E37B4A30B}"
EndProject
Project("{9A19103F-16F7-4668-BE54-9A1E7A4F7556}") = "Task2", "Task2\Task2.csproj", "{6AD530E2-CA67-4366-937D-B547C17AFD6C}"
EndProject
Project("{FAE04EC0-301F-11D3-BF4B-00C04F79EFBC}") = "Task3", "Task3\Task3.csproj", "{37FE0015-37F1-4E48-AA9B-601C531E0687}"
EndProject
Project("{FAE04EC0-301F-11D3-BF4B-00C04F79EFBC}") = "Task4", "Task4\Task4.csproj", "{4220F7D0-E28C-41B5-881F-4AE39EAFC936}"
EndProject
Global
	GlobalSection(SolutionConfigurationPlatforms) = preSolution
		Debug|Any CPU = Debug|Any CPU
		Release|Any CPU = Release|Any CPU
	EndGlobalSection
	GlobalSection(ProjectConfigurationPlatforms) = postSolution
		{2AD22013-0778-4223-B5E3-258E37B4A30B}.Debug|Any CPU.ActiveCfg = Debug|Any CPU
		{2AD22013-0778-4223-B5E3-258E37B4A30B}.Debug|Any CPU.Build.0 = Debug|Any CPU
		{2AD22013-0778-4223-B5E3-258E37B4A30B}.Release|Any CPU.ActiveCfg = Release|Any CPU
		{2AD22013-0778-4223-B5E3-258E37B4A30B}.Release|Any CPU.Build.0 = Release|Any CPU
		{6AD530E2-CA67-4366-937D-B547C17AFD6C}.Debug|Any CPU.ActiveCfg = Debug|Any CPU
		{6AD530E2-CA67-4366-937D-B547C17AFD6C}.Debug|Any CPU.Build.0 = Debug|Any CPU
		{6AD530E2-CA67-4366-937D-B547C17AFD6C}.Release|Any CPU.ActiveCfg = Release|Any CPU
		{6AD530E2-CA67-4366-937D-B547C17AFD6C}.Release|Any CPU.Build.0 = Release|Any CPU
		{37FE0015-37F1-4E48-AA9B-601C531E0687}.Debug|Any CPU.ActiveCfg = Debug|Any CPU
		{37FE0015-37F1-4E48-AA9B-601C531E0687}.Debug|Any CPU.Build.0 = Debug|Any CPU
		{37FE0015-37F1-4E48-AA9B-601C531E0687}.Release|Any CPU.ActiveCfg = Release|Any CPU
		{37FE0015-37F1-4E48-AA9B-601C531E0687}.Release|Any CPU.Build.0 = Release|Any CPU
		{4220F7D0-E28C-41B5-881F-4AE39EAFC936}.Debug|Any CPU.ActiveCfg = Debug|Any CPU
		{4220F7D0-E28C-41B5-881F-4AE39EAFC936}.Debug|Any CPU.Build.0 = Debug|Any CPU
		{4220F7D0-E28C-41B5-881F-4AE39EAFC936}.Release|Any CPU.ActiveCfg = Release|Any CPU
		{4220F7D0-E28C-41B5-881F-4AE39EAFC936}.Release|Any CPU.Build.0 = Release|Any CPU
	EndGlobalSection
	GlobalSection(SolutionProperties) = preSolution
		HideSolutionNode = FALSE
	EndGlobalSection
	GlobalSection(ExtensibilityGlobals) = postSolution
		SolutionGuid = {DB32B2B9-08D0-48E6-ADC9-99E49E1D9473}
	EndGlobalSection
EndGlobal
